{
    "_readme": [
        "This file locks the dependencies of your project to a known state",
        "Read more about it at https://getcomposer.org/doc/01-basic-usage.md#installing-dependencies",
        "This file is @generated automatically"
    ],
    "content-hash": "36517be18d01f68095ef18b8ede616b1",
    "packages": [
        {
            "name": "adbario/php-dot-notation",
            "version": "3.3.0",
            "source": {
                "type": "git",
                "url": "https://github.com/adbario/php-dot-notation.git",
                "reference": "a94ce4493d19ea430baa8d7d210a2c9bd7129fc2"
            },
            "dist": {
                "type": "zip",
                "url": "https://api.github.com/repos/adbario/php-dot-notation/zipball/a94ce4493d19ea430baa8d7d210a2c9bd7129fc2",
                "reference": "a94ce4493d19ea430baa8d7d210a2c9bd7129fc2",
                "shasum": ""
            },
            "require": {
                "ext-json": "*",
                "php": "^7.4 || ^8.0"
            },
            "require-dev": {
                "phpstan/phpstan": "^1.8",
                "phpunit/phpunit": "^9.5",
                "squizlabs/php_codesniffer": "^3.7"
            },
            "type": "library",
            "autoload": {
                "files": [
                    "src/helpers.php"
                ],
                "psr-4": {
                    "Adbar\\": "src"
                }
            },
            "notification-url": "https://packagist.org/downloads/",
            "license": [
                "MIT"
            ],
            "authors": [
                {
                    "name": "Riku Särkinen",
                    "email": "riku@adbar.io"
                }
            ],
            "description": "PHP dot notation access to arrays",
            "homepage": "https://github.com/adbario/php-dot-notation",
            "keywords": [
                "ArrayAccess",
                "dotnotation"
            ],
            "support": {
                "issues": "https://github.com/adbario/php-dot-notation/issues",
                "source": "https://github.com/adbario/php-dot-notation/tree/3.3.0"
            },
            "time": "2023-02-24T20:27:50+00:00"
        },
        {
            "name": "jeffreyvanrossum/wp-settings",
            "version": "1.2.1",
            "source": {
                "type": "git",
                "url": "https://github.com/jeffreyvr/wp-settings.git",
                "reference": "efcb94bef441dba65af213f796f815a3c550f513"
            },
            "dist": {
                "type": "zip",
                "url": "https://api.github.com/repos/jeffreyvr/wp-settings/zipball/efcb94bef441dba65af213f796f815a3c550f513",
                "reference": "efcb94bef441dba65af213f796f815a3c550f513",
                "shasum": ""
            },
            "require": {
                "adbario/php-dot-notation": "^3.3",
                "php": "^7.4|^8.0"
            },
            "require-dev": {
                "laravel/pint": "^1.4",
                "phpcompatibility/php-compatibility": "*",
                "spatie/ray": "^1.36"
            },
            "type": "library",
            "autoload": {
                "files": [
                    "src/helpers.php"
                ],
                "psr-4": {
                    "Jeffreyvr\\WPSettings\\": "src"
                }
            },
            "notification-url": "https://packagist.org/downloads/",
            "license": [
                "MIT"
            ],
            "authors": [
                {
                    "name": "Jeffrey van Rossum",
                    "email": "jeffrey@vanrossum.dev"
                }
            ],
            "description": "Handy wrapper to make creating WordPress settings pages a breeze.",
            "support": {
                "issues": "https://github.com/jeffreyvr/wp-settings/issues",
                "source": "https://github.com/jeffreyvr/wp-settings/tree/1.2.1"
            },
            "funding": [
                {
                    "url": "https://vanrossum.dev/donate",
                    "type": "custom"
                },
                {
                    "url": "https://github.com/jeffreyvr",
                    "type": "github"
                }
            ],
            "time": "2023-08-23T12:46:06+00:00"
        }
    ],
    "packages-dev": [],
    "aliases": [],
    "minimum-stability": "stable",
    "stability-flags": [],
    "prefer-stable": false,
    "prefer-lowest": false,
    "platform": [],
    "platform-dev": [],
    "plugin-api-version": "2.6.0"
}
